
Microsoft Visual Studio Solution File, Format Version 12.00
# Visual Studio Version 17
VisualStudioVersion = 17.0.31611.283
MinimumVisualStudioVersion = 10.0.40219.1
Project("{9A19103F-16F7-4668-BE54-9A1E7A4F7556}") = "SeriesApp_UI", "SeriesApp_UI\SeriesApp_UI.csproj", "{A8ED3FBB-5C0E-4EA4-87B3-FCE89F81171E}"
EndProject
Project("{FAE04EC0-301F-11D3-BF4B-00C04F79EFBC}") = "SeriesApp_DAL", "SeriesApp_DAL\SeriesApp_DAL.csproj", "{C1F36E85-357D-4D2B-88ED-F438B0D12F87}"
EndProject
Project("{FAE04EC0-301F-11D3-BF4B-00C04F79EFBC}") = "SeriesApp_Entities", "SeriesApp_Entities\SeriesApp_Entities.csproj", "{C35074B9-D8BC-452D-A605-020453D344BA}"
EndProject
Global
	GlobalSection(SolutionConfigurationPlatforms) = preSolution
		Debug|Any CPU = Debug|Any CPU
		Release|Any CPU = Release|Any CPU
	EndGlobalSection
	GlobalSection(ProjectConfigurationPlatforms) = postSolution
		{A8ED3FBB-5C0E-4EA4-87B3-FCE89F81171E}.Debug|Any CPU.ActiveCfg = Debug|Any CPU
		{A8ED3FBB-5C0E-4EA4-87B3-FCE89F81171E}.Debug|Any CPU.Build.0 = Debug|Any CPU
		{A8ED3FBB-5C0E-4EA4-87B3-FCE89F81171E}.Debug|Any CPU.Deploy.0 = Debug|Any CPU
		{A8ED3FBB-5C0E-4EA4-87B3-FCE89F81171E}.Release|Any CPU.ActiveCfg = Release|Any CPU
		{A8ED3FBB-5C0E-4EA4-87B3-FCE89F81171E}.Release|Any CPU.Build.0 = Release|Any CPU
		{A8ED3FBB-5C0E-4EA4-87B3-FCE89F81171E}.Release|Any CPU.Deploy.0 = Release|Any CPU
		{C1F36E85-357D-4D2B-88ED-F438B0D12F87}.Debug|Any CPU.ActiveCfg = Debug|Any CPU
		{C1F36E85-357D-4D2B-88ED-F438B0D12F87}.Debug|Any CPU.Build.0 = Debug|Any CPU
		{C1F36E85-357D-4D2B-88ED-F438B0D12F87}.Release|Any CPU.ActiveCfg = Release|Any CPU
		{C1F36E85-357D-4D2B-88ED-F438B0D12F87}.Release|Any CPU.Build.0 = Release|Any CPU
		{C35074B9-D8BC-452D-A605-020453D344BA}.Debug|Any CPU.ActiveCfg = Debug|Any CPU
		{C35074B9-D8BC-452D-A605-020453D344BA}.Debug|Any CPU.Build.0 = Debug|Any CPU
		{C35074B9-D8BC-452D-A605-020453D344BA}.Release|Any CPU.ActiveCfg = Release|Any CPU
		{C35074B9-D8BC-452D-A605-020453D344BA}.Release|Any CPU.Build.0 = Release|Any CPU
	EndGlobalSection
	GlobalSection(SolutionProperties) = preSolution
		HideSolutionNode = FALSE
	EndGlobalSection
	GlobalSection(ExtensibilityGlobals) = postSolution
		SolutionGuid = {61F7FB11-1E47-470C-91E2-47F8143E1572}
	EndGlobalSection
EndGlobal
